
Microsoft Visual Studio Solution File, Format Version 12.00
# Visual Studio Version 17
VisualStudioVersion = 17.8.34330.188
MinimumVisualStudioVersion = 10.0.40219.1
Project("{FAE04EC0-301F-11D3-BF4B-00C04F79EFBC}") = "Triangulo_estudo", "Triangulo_estudo\Triangulo_estudo.csproj", "{58A15639-6485-4540-BA51-BAB2A8FA0E6C}"
EndProject
Global
	GlobalSection(SolutionConfigurationPlatforms) = preSolution
		Debug|Any CPU = Debug|Any CPU
		Release|Any CPU = Release|Any CPU
	EndGlobalSection
	GlobalSection(ProjectConfigurationPlatforms) = postSolution
		{58A15639-6485-4540-BA51-BAB2A8FA0E6C}.Debug|Any CPU.ActiveCfg = Debug|Any CPU
		{58A15639-6485-4540-BA51-BAB2A8FA0E6C}.Debug|Any CPU.Build.0 = Debug|Any CPU
		{58A15639-6485-4540-BA51-BAB2A8FA0E6C}.Release|Any CPU.ActiveCfg = Release|Any CPU
		{58A15639-6485-4540-BA51-BAB2A8FA0E6C}.Release|Any CPU.Build.0 = Release|Any CPU
	EndGlobalSection
	GlobalSection(SolutionProperties) = preSolution
		HideSolutionNode = FALSE
	EndGlobalSection
	GlobalSection(ExtensibilityGlobals) = postSolution
		SolutionGuid = {DD475352-59E3-4053-AFCF-43251117955C}
	EndGlobalSection
EndGlobal
